// !$*UTF8*$!
{
	archiveVersion = 1;
	classes = {
	};
	objectVersion = 46;
	objects = {

/* Begin PBXBuildFile section */
		35AE40377D8B2A0BAAF269B0 /* libPods.a in Frameworks */ = {isa = PBXBuildFile; fileRef = 7D77C8F842CF634C7379AC17 /* libPods.a */; };
		6B1A1B441C89A9F700E02C5C /* AppDelegate.swift in Sources */ = {isa = PBXBuildFile; fileRef = 6B1A1B431C89A9F700E02C5C /* AppDelegate.swift */; };
		6B1A1B491C89A9F700E02C5C /* Root.storyboard in Resources */ = {isa = PBXBuildFile; fileRef = 6B1A1B471C89A9F700E02C5C /* Root.storyboard */; };
		6B1A1B4B1C89A9F700E02C5C /* Assets.xcassets in Resources */ = {isa = PBXBuildFile; fileRef = 6B1A1B4A1C89A9F700E02C5C /* Assets.xcassets */; };
		6B6EA5D21C89EC95009BDDFB /* Podfile in Resources */ = {isa = PBXBuildFile; fileRef = 6B6EA5D11C89EC95009BDDFB /* Podfile */; };
		6B6EA5DD1C89EF73009BDDFB /* GigyaSDK.framework in Frameworks */ = {isa = PBXBuildFile; fileRef = 6B6EA5DC1C89EF73009BDDFB /* GigyaSDK.framework */; };
		C8B9966B1CD91C340003F305 /* RootViewController.swift in Sources */ = {isa = PBXBuildFile; fileRef = C8B9966A1CD91C340003F305 /* RootViewController.swift */; };
/* End PBXBuildFile section */

/* Begin PBXFileReference section */
		6B1A1B401C89A9F700E02C5C /* GigyaSwift.app */ = {isa = PBXFileReference; explicitFileType = wrapper.application; includeInIndex = 0; path = GigyaSwift.app; sourceTree = BUILT_PRODUCTS_DIR; };
		6B1A1B431C89A9F700E02C5C /* AppDelegate.swift */ = {isa = PBXFileReference; lastKnownFileType = sourcecode.swift; path = AppDelegate.swift; sourceTree = "<group>"; };
		6B1A1B481C89A9F700E02C5C /* Base */ = {isa = PBXFileReference; lastKnownFileType = file.storyboard; name = Base; path = Base.lproj/Root.storyboard; sourceTree = "<group>"; };
		6B1A1B4A1C89A9F700E02C5C /* Assets.xcassets */ = {isa = PBXFileReference; lastKnownFileType = folder.assetcatalog; path = Assets.xcassets; sourceTree = "<group>"; };
		6B1A1B4F1C89A9F700E02C5C /* Info.plist */ = {isa = PBXFileReference; lastKnownFileType = text.plist.xml; path = Info.plist; sourceTree = "<group>"; };
		6B6EA5D11C89EC95009BDDFB /* Podfile */ = {isa = PBXFileReference; fileEncoding = 4; lastKnownFileType = text; path = Podfile; sourceTree = "<group>"; xcLanguageSpecificationIdentifier = xcode.lang.ruby; };
		6B6EA5DB1C89EE54009BDDFB /* GigyaSwift-Bridging-Header.h */ = {isa = PBXFileReference; lastKnownFileType = sourcecode.c.h; path = "GigyaSwift-Bridging-Header.h"; sourceTree = "<group>"; };
		6B6EA5DC1C89EF73009BDDFB /* GigyaSDK.framework */ = {isa = PBXFileReference; lastKnownFileType = wrapper.framework; path = GigyaSDK.framework; sourceTree = "<group>"; };
		7D77C8F842CF634C7379AC17 /* libPods.a */ = {isa = PBXFileReference; explicitFileType = archive.ar; includeInIndex = 0; path = libPods.a; sourceTree = BUILT_PRODUCTS_DIR; };
		A5350D6DB19347889EB599C2 /* Pods.debug.xcconfig */ = {isa = PBXFileReference; includeInIndex = 1; lastKnownFileType = text.xcconfig; name = Pods.debug.xcconfig; path = "Pods/Target Support Files/Pods/Pods.debug.xcconfig"; sourceTree = "<group>"; };
		C8B9966A1CD91C340003F305 /* RootViewController.swift */ = {isa = PBXFileReference; fileEncoding = 4; lastKnownFileType = sourcecode.swift; path = RootViewController.swift; sourceTree = "<group>"; };
		F068C83FDA61F83E75948C09 /* Pods.release.xcconfig */ = {isa = PBXFileReference; includeInIndex = 1; lastKnownFileType = text.xcconfig; name = Pods.release.xcconfig; path = "Pods/Target Support Files/Pods/Pods.release.xcconfig"; sourceTree = "<group>"; };
/* End PBXFileReference section */

/* Begin PBXFrameworksBuildPhase section */
		6B1A1B3D1C89A9F700E02C5C /* Frameworks */ = {
			isa = PBXFrameworksBuildPhase;
			buildActionMask = 2147483647;
			files = (
				35AE40377D8B2A0BAAF269B0 /* libPods.a in Frameworks */,
				6B6EA5DD1C89EF73009BDDFB /* GigyaSDK.framework in Frameworks */,
			);
			runOnlyForDeploymentPostprocessing = 0;
		};
/* End PBXFrameworksBuildPhase section */

/* Begin PBXGroup section */
		51D58A9784777C7F2860C592 /* Frameworks */ = {
			isa = PBXGroup;
			children = (
				7D77C8F842CF634C7379AC17 /* libPods.a */,
			);
			name = Frameworks;
			sourceTree = "<group>";
		};
		6B1A1B371C89A9F700E02C5C = {
			isa = PBXGroup;
			children = (
				6B1A1B421C89A9F700E02C5C /* GigyaSwift */,
				6B1A1B411C89A9F700E02C5C /* Products */,
				6B6EA5D11C89EC95009BDDFB /* Podfile */,
				E825B93CBF54F1384EB8E416 /* Pods */,
				51D58A9784777C7F2860C592 /* Frameworks */,
			);
			sourceTree = "<group>";
		};
		6B1A1B411C89A9F700E02C5C /* Products */ = {
			isa = PBXGroup;
			children = (
				6B1A1B401C89A9F700E02C5C /* GigyaSwift.app */,
			);
			name = Products;
			sourceTree = "<group>";
		};
		6B1A1B421C89A9F700E02C5C /* GigyaSwift */ = {
			isa = PBXGroup;
			children = (
				6B6EA5DC1C89EF73009BDDFB /* GigyaSDK.framework */,
				6B1A1B431C89A9F700E02C5C /* AppDelegate.swift */,
				6B6EA5DB1C89EE54009BDDFB /* GigyaSwift-Bridging-Header.h */,
				C8B9966A1CD91C340003F305 /* RootViewController.swift */,
				6B1A1B471C89A9F700E02C5C /* Root.storyboard */,
				6B1A1B4A1C89A9F700E02C5C /* Assets.xcassets */,
				6B1A1B4F1C89A9F700E02C5C /* Info.plist */,
			);
			path = GigyaSwift;
			sourceTree = "<group>";
		};
		E825B93CBF54F1384EB8E416 /* Pods */ = {
			isa = PBXGroup;
			children = (
				A5350D6DB19347889EB599C2 /* Pods.debug.xcconfig */,
				F068C83FDA61F83E75948C09 /* Pods.release.xcconfig */,
			);
			name = Pods;
			sourceTree = "<group>";
		};
/* End PBXGroup section */

/* Begin PBXNativeTarget section */
		6B1A1B3F1C89A9F700E02C5C /* GigyaSwift */ = {
			isa = PBXNativeTarget;
			buildConfigurationList = 6B1A1B521C89A9F700E02C5C /* Build configuration list for PBXNativeTarget "GigyaSwift" */;
			buildPhases = (
				5063270F35AE3FD54CECE157 /* Check Pods Manifest.lock */,
				6B1A1B3C1C89A9F700E02C5C /* Sources */,
				6B1A1B3D1C89A9F700E02C5C /* Frameworks */,
				6B1A1B3E1C89A9F700E02C5C /* Resources */,
				B7E973D8996EC68E2B6612C7 /* Embed Pods Frameworks */,
				9812FAF57ACE5A366CD090CA /* Copy Pods Resources */,
			);
			buildRules = (
			);
			dependencies = (
			);
			name = GigyaSwift;
			productName = GigyaSwift;
			productReference = 6B1A1B401C89A9F700E02C5C /* GigyaSwift.app */;
			productType = "com.apple.product-type.application";
		};
/* End PBXNativeTarget section */

/* Begin PBXProject section */
		6B1A1B381C89A9F700E02C5C /* Project object */ = {
			isa = PBXProject;
			attributes = {
				LastSwiftUpdateCheck = 0720;
				LastUpgradeCheck = 0720;
				ORGANIZATIONNAME = NRasool;
				TargetAttributes = {
					6B1A1B3F1C89A9F700E02C5C = {
						CreatedOnToolsVersion = 7.2.1;
					};
				};
			};
			buildConfigurationList = 6B1A1B3B1C89A9F700E02C5C /* Build configuration list for PBXProject "GigyaSwift" */;
			compatibilityVersion = "Xcode 3.2";
			developmentRegion = English;
			hasScannedForEncodings = 0;
			knownRegions = (
				en,
				Base,
			);
			mainGroup = 6B1A1B371C89A9F700E02C5C;
			productRefGroup = 6B1A1B411C89A9F700E02C5C /* Products */;
			projectDirPath = "";
			projectRoot = "";
			targets = (
				6B1A1B3F1C89A9F700E02C5C /* GigyaSwift */,
			);
		};
/* End PBXProject section */

/* Begin PBXResourcesBuildPhase section */
		6B1A1B3E1C89A9F700E02C5C /* Resources */ = {
			isa = PBXResourcesBuildPhase;
			buildActionMask = 2147483647;
			files = (
				6B1A1B4B1C89A9F700E02C5C /* Assets.xcassets in Resources */,
				6B6EA5D21C89EC95009BDDFB /* Podfile in Resources */,
				6B1A1B491C89A9F700E02C5C /* Root.storyboard in Resources */,
			);
			runOnlyForDeploymentPostprocessing = 0;
		};
/* End PBXResourcesBuildPhase section */

/* Begin PBXShellScriptBuildPhase section */
		5063270F35AE3FD54CECE157 /* Check Pods Manifest.lock */ = {
			isa = PBXShellScriptBuildPhase;
			buildActionMask = 2147483647;
			files = (
			);
			inputPaths = (
			);
			name = "Check Pods Manifest.lock";
			outputPaths = (
			);
			runOnlyForDeploymentPostprocessing = 0;
			shellPath = /bin/sh;
			shellScript = "diff \"${PODS_ROOT}/../Podfile.lock\" \"${PODS_ROOT}/Manifest.lock\" > /dev/null\nif [[ $? != 0 ]] ; then\n    cat << EOM\nerror: The sandbox is not in sync with the Podfile.lock. Run 'pod install' or update your CocoaPods installation.\nEOM\n    exit 1\nfi\n";
			showEnvVarsInLog = 0;
		};
		9812FAF57ACE5A366CD090CA /* Copy Pods Resources */ = {
			isa = PBXShellScriptBuildPhase;
			buildActionMask = 2147483647;
			files = (
			);
			inputPaths = (
			);
			name = "Copy Pods Resources";
			outputPaths = (
			);
			runOnlyForDeploymentPostprocessing = 0;
			shellPath = /bin/sh;
			shellScript = "\"${SRCROOT}/Pods/Target Support Files/Pods/Pods-resources.sh\"\n";
			showEnvVarsInLog = 0;
		};
		B7E973D8996EC68E2B6612C7 /* Embed Pods Frameworks */ = {
			isa = PBXShellScriptBuildPhase;
			buildActionMask = 2147483647;
			files = (
			);
			inputPaths = (
			);
			name = "Embed Pods Frameworks";
			outputPaths = (
			);
			runOnlyForDeploymentPostprocessing = 0;
			shellPath = /bin/sh;
			shellScript = "\"${SRCROOT}/Pods/Target Support Files/Pods/Pods-frameworks.sh\"\n";
			showEnvVarsInLog = 0;
		};
/* End PBXShellScriptBuildPhase section */

/* Begin PBXSourcesBuildPhase section */
		6B1A1B3C1C89A9F700E02C5C /* Sources */ = {
			isa = PBXSourcesBuildPhase;
			buildActionMask = 2147483647;
			files = (
				6B1A1B441C89A9F700E02C5C /* AppDelegate.swift in Sources */,
				C8B9966B1CD91C340003F305 /* RootViewController.swift in Sources */,
			);
			runOnlyForDeploymentPostprocessing = 0;
		};
/* End PBXSourcesBuildPhase section */

/* Begin PBXVariantGroup section */
		6B1A1B471C89A9F700E02C5C /* Root.storyboard */ = {
			isa = PBXVariantGroup;
			children = (
				6B1A1B481C89A9F700E02C5C /* Base */,
			);
			name = Root.storyboard;
			sourceTree = "<group>";
		};
/* End PBXVariantGroup section */

/* Begin XCBuildConfiguration section */
		6B1A1B501C89A9F700E02C5C /* Debug */ = {
			isa = XCBuildConfiguration;
			buildSettings = {
				ALWAYS_SEARCH_USER_PATHS = NO;
				CLANG_CXX_LANGUAGE_STANDARD = "gnu++0x";
				CLANG_CXX_LIBRARY = "libc++";
				CLANG_ENABLE_MODULES = YES;
				CLANG_ENABLE_OBJC_ARC = YES;
				CLANG_WARN_BOOL_CONVERSION = YES;
				CLANG_WARN_CONSTANT_CONVERSION = YES;
				CLANG_WARN_DIRECT_OBJC_ISA_USAGE = YES_ERROR;
				CLANG_WARN_EMPTY_BODY = YES;
				CLANG_WARN_ENUM_CONVERSION = YES;
				CLANG_WARN_INT_CONVERSION = YES;
				CLANG_WARN_OBJC_ROOT_CLASS = YES_ERROR;
				CLANG_WARN_UNREACHABLE_CODE = YES;
				CLANG_WARN__DUPLICATE_METHOD_MATCH = YES;
				"CODE_SIGN_IDENTITY[sdk=iphoneos*]" = "iPhone Developer";
				COPY_PHASE_STRIP = NO;
				DEBUG_INFORMATION_FORMAT = dwarf;
				ENABLE_STRICT_OBJC_MSGSEND = YES;
				ENABLE_TESTABILITY = YES;
				GCC_C_LANGUAGE_STANDARD = gnu99;
				GCC_DYNAMIC_NO_PIC = NO;
				GCC_NO_COMMON_BLOCKS = YES;
				GCC_OPTIMIZATION_LEVEL = 0;
				GCC_PREPROCESSOR_DEFINITIONS = (
					"DEBUG=1",
					"$(inherited)",
				);
				GCC_WARN_64_TO_32_BIT_CONVERSION = YES;
				GCC_WARN_ABOUT_RETURN_TYPE = YES_ERROR;
				GCC_WARN_UNDECLARED_SELECTOR = YES;
				GCC_WARN_UNINITIALIZED_AUTOS = YES_AGGRESSIVE;
				GCC_WARN_UNUSED_FUNCTION = YES;
				GCC_WARN_UNUSED_VARIABLE = YES;
				IPHONEOS_DEPLOYMENT_TARGET = 9.2;
				MTL_ENABLE_DEBUG_INFO = YES;
				ONLY_ACTIVE_ARCH = YES;
				SDKROOT = iphoneos;
				SWIFT_OPTIMIZATION_LEVEL = "-Onone";
				TARGETED_DEVICE_FAMILY = "1,2";
			};
			name = Debug;
		};
		6B1A1B511C89A9F700E02C5C /* Release */ = {
			isa = XCBuildConfiguration;
			buildSettings = {
				ALWAYS_SEARCH_USER_PATHS = NO;
				CLANG_CXX_LANGUAGE_STANDARD = "gnu++0x";
				CLANG_CXX_LIBRARY = "libc++";
				CLANG_ENABLE_MODULES = YES;
				CLANG_ENABLE_OBJC_ARC = YES;
				CLANG_WARN_BOOL_CONVERSION = YES;
				CLANG_WARN_CONSTANT_CONVERSION = YES;
				CLANG_WARN_DIRECT_OBJC_ISA_USAGE = YES_ERROR;
				CLANG_WARN_EMPTY_BODY = YES;
				CLANG_WARN_ENUM_CONVERSION = YES;
				CLANG_WARN_INT_CONVERSION = YES;
				CLANG_WARN_OBJC_ROOT_CLASS = YES_ERROR;
				CLANG_WARN_UNREACHABLE_CODE = YES;
				CLANG_WARN__DUPLICATE_METHOD_MATCH = YES;
				"CODE_SIGN_IDENTITY[sdk=iphoneos*]" = "iPhone Developer";
				COPY_PHASE_STRIP = NO;
				DEBUG_INFORMATION_FORMAT = "dwarf-with-dsym";
				ENABLE_NS_ASSERTIONS = NO;
				ENABLE_STRICT_OBJC_MSGSEND = YES;
				GCC_C_LANGUAGE_STANDARD = gnu99;
				GCC_NO_COMMON_BLOCKS = YES;
				GCC_WARN_64_TO_32_BIT_CONVERSION = YES;
				GCC_WARN_ABOUT_RETURN_TYPE = YES_ERROR;
				GCC_WARN_UNDECLARED_SELECTOR = YES;
				GCC_WARN_UNINITIALIZED_AUTOS = YES_AGGRESSIVE;
				GCC_WARN_UNUSED_FUNCTION = YES;
				GCC_WARN_UNUSED_VARIABLE = YES;
				IPHONEOS_DEPLOYMENT_TARGET = 9.2;
				MTL_ENABLE_DEBUG_INFO = NO;
				SDKROOT = iphoneos;
				TARGETED_DEVICE_FAMILY = "1,2";
				VALIDATE_PRODUCT = YES;
			};
			name = Release;
		};
		6B1A1B531C89A9F700E02C5C /* Debug */ = {
			isa = XCBuildConfiguration;
			baseConfigurationReference = A5350D6DB19347889EB599C2 /* Pods.debug.xcconfig */;
			buildSettings = {
				ASSETCATALOG_COMPILER_APPICON_NAME = AppIcon;
				FRAMEWORK_SEARCH_PATHS = (
					"$(inherited)",
					"\"$(SRCROOT)/GigyaSDK.framework\"/**",
					"$SRCROOT/**",
					"$(PROJECT_DIR)/GigyaSwift",
				);
				INFOPLIST_FILE = GigyaSwift/Info.plist;
				LD_RUNPATH_SEARCH_PATHS = "$(inherited) @executable_path/Frameworks";
				LIBRARY_SEARCH_PATHS = (
					"$(inherited)",
					"$(PROJECT_DIR)",
				);
				PRODUCT_BUNDLE_IDENTIFIER = com.gigya.GigyaSwift;
				PRODUCT_NAME = "$(TARGET_NAME)";
				SWIFT_OBJC_BRIDGING_HEADER = "GigyaSwift/GigyaSwift-Bridging-Header.h";
			};
			name = Debug;
		};
		6B1A1B541C89A9F700E02C5C /* Release */ = {
			isa = XCBuildConfiguration;
			baseConfigurationReference = F068C83FDA61F83E75948C09 /* Pods.release.xcconfig */;
			buildSettings = {
				ASSETCATALOG_COMPILER_APPICON_NAME = AppIcon;
				FRAMEWORK_SEARCH_PATHS = (
					"$(inherited)",
					"\"$(SRCROOT)/GigyaSDK.framework\"/**",
					"$SRCROOT/**",
					"$(PROJECT_DIR)/GigyaSwift",
				);
				INFOPLIST_FILE = GigyaSwift/Info.plist;
				LD_RUNPATH_SEARCH_PATHS = "$(inherited) @executable_path/Frameworks";
				LIBRARY_SEARCH_PATHS = (
					"$(inherited)",
					"$(PROJECT_DIR)",
				);
				PRODUCT_BUNDLE_IDENTIFIER = com.gigya.GigyaSwift;
				PRODUCT_NAME = "$(TARGET_NAME)";
				SWIFT_OBJC_BRIDGING_HEADER = "GigyaSwift/GigyaSwift-Bridging-Header.h";
			};
			name = Release;
		};
/* End XCBuildConfiguration section */

/* Begin XCConfigurationList section */
		6B1A1B3B1C89A9F700E02C5C /* Build configuration list for PBXProject "GigyaSwift" */ = {
			isa = XCConfigurationList;
			buildConfigurations = (
				6B1A1B501C89A9F700E02C5C /* Debug */,
				6B1A1B511C89A9F700E02C5C /* Release */,
			);
			defaultConfigurationIsVisible = 0;
			defaultConfigurationName = Release;
		};
		6B1A1B521C89A9F700E02C5C /* Build configuration list for PBXNativeTarget "GigyaSwift" */ = {
			isa = XCConfigurationList;
			buildConfigurations = (
				6B1A1B531C89A9F700E02C5C /* Debug */,
				6B1A1B541C89A9F700E02C5C /* Release */,
			);
			defaultConfigurationIsVisible = 0;
			defaultConfigurationName = Release;
		};
/* End XCConfigurationList section */
	};
	rootObject = 6B1A1B381C89A9F700E02C5C /* Project object */;
}
